
Microsoft Visual Studio Solution File, Format Version 12.00
# Visual Studio Version 17
VisualStudioVersion = 17.6.33815.320
MinimumVisualStudioVersion = 10.0.40219.1
Project("{9A19103F-16F7-4668-BE54-9A1E7A4F7556}") = "ComandaDigital", "ComandaDigital\ComandaDigital.csproj", "{2C52C8AF-B410-46A2-8FC2-92E17B429666}"
EndProject
Project("{2150E333-8FDC-42A3-9474-1A3956D46DE8}") = "_Docs", "_Docs", "{1D7C199F-B052-473F-9DAB-BE2414C8C465}"
	ProjectSection(SolutionItems) = preProject
		_Docs\ComandaDigital.asta = _Docs\ComandaDigital.asta
	EndProjectSection
EndProject
Global
	GlobalSection(SolutionConfigurationPlatforms) = preSolution
		Debug|Any CPU = Debug|Any CPU
		Release|Any CPU = Release|Any CPU
	EndGlobalSection
	GlobalSection(ProjectConfigurationPlatforms) = postSolution
		{2C52C8AF-B410-46A2-8FC2-92E17B429666}.Debug|Any CPU.ActiveCfg = Debug|Any CPU
		{2C52C8AF-B410-46A2-8FC2-92E17B429666}.Debug|Any CPU.Build.0 = Debug|Any CPU
		{2C52C8AF-B410-46A2-8FC2-92E17B429666}.Release|Any CPU.ActiveCfg = Release|Any CPU
		{2C52C8AF-B410-46A2-8FC2-92E17B429666}.Release|Any CPU.Build.0 = Release|Any CPU
	EndGlobalSection
	GlobalSection(SolutionProperties) = preSolution
		HideSolutionNode = FALSE
	EndGlobalSection
	GlobalSection(ExtensibilityGlobals) = postSolution
		SolutionGuid = {C3FBF967-5E04-4B31-A866-0B943F04A5DD}
	EndGlobalSection
EndGlobal
